// !$*UTF8*$!
{
	archiveVersion = 1;
	classes = {
	};
	objectVersion = 46;
	objects = {

/* Begin PBXBuildFile section */
		9D85FEEA1AE137FB006AFF49 /* AppDelegate.swift in Sources */ = {isa = PBXBuildFile; fileRef = 9D85FEE91AE137FB006AFF49 /* AppDelegate.swift */; };
		9D85FEEC1AE137FB006AFF49 /* ViewController.swift in Sources */ = {isa = PBXBuildFile; fileRef = 9D85FEEB1AE137FB006AFF49 /* ViewController.swift */; };
		9D85FEEF1AE137FB006AFF49 /* Main.storyboard in Resources */ = {isa = PBXBuildFile; fileRef = 9D85FEED1AE137FB006AFF49 /* Main.storyboard */; };
		9D85FEF11AE137FB006AFF49 /* Images.xcassets in Resources */ = {isa = PBXBuildFile; fileRef = 9D85FEF01AE137FB006AFF49 /* Images.xcassets */; };
		9D85FEF41AE137FB006AFF49 /* LaunchScreen.xib in Resources */ = {isa = PBXBuildFile; fileRef = 9D85FEF21AE137FB006AFF49 /* LaunchScreen.xib */; };
		9D85FF001AE137FB006AFF49 /* TitleAnimationTests.swift in Sources */ = {isa = PBXBuildFile; fileRef = 9D85FEFF1AE137FB006AFF49 /* TitleAnimationTests.swift */; };
		9D85FF0B1AE138E0006AFF49 /* ImageCell.swift in Sources */ = {isa = PBXBuildFile; fileRef = 9D85FF091AE138E0006AFF49 /* ImageCell.swift */; };
		9D85FF0C1AE138E0006AFF49 /* ImageCell.xib in Resources */ = {isa = PBXBuildFile; fileRef = 9D85FF0A1AE138E0006AFF49 /* ImageCell.xib */; };
/* End PBXBuildFile section */

/* Begin PBXContainerItemProxy section */
		9D85FEFA1AE137FB006AFF49 /* PBXContainerItemProxy */ = {
			isa = PBXContainerItemProxy;
			containerPortal = 9D85FEDC1AE137FB006AFF49 /* Project object */;
			proxyType = 1;
			remoteGlobalIDString = 9D85FEE31AE137FB006AFF49;
			remoteInfo = TitleAnimation;
		};
/* End PBXContainerItemProxy section */

/* Begin PBXFileReference section */
		9D85FEE41AE137FB006AFF49 /* TitleAnimation.app */ = {isa = PBXFileReference; explicitFileType = wrapper.application; includeInIndex = 0; path = TitleAnimation.app; sourceTree = BUILT_PRODUCTS_DIR; };
		9D85FEE81AE137FB006AFF49 /* Info.plist */ = {isa = PBXFileReference; lastKnownFileType = text.plist.xml; path = Info.plist; sourceTree = "<group>"; };
		9D85FEE91AE137FB006AFF49 /* AppDelegate.swift */ = {isa = PBXFileReference; lastKnownFileType = sourcecode.swift; path = AppDelegate.swift; sourceTree = "<group>"; };
		9D85FEEB1AE137FB006AFF49 /* ViewController.swift */ = {isa = PBXFileReference; lastKnownFileType = sourcecode.swift; path = ViewController.swift; sourceTree = "<group>"; };
		9D85FEEE1AE137FB006AFF49 /* Base */ = {isa = PBXFileReference; lastKnownFileType = file.storyboard; name = Base; path = Base.lproj/Main.storyboard; sourceTree = "<group>"; };
		9D85FEF01AE137FB006AFF49 /* Images.xcassets */ = {isa = PBXFileReference; lastKnownFileType = folder.assetcatalog; path = Images.xcassets; sourceTree = "<group>"; };
		9D85FEF31AE137FB006AFF49 /* Base */ = {isa = PBXFileReference; lastKnownFileType = file.xib; name = Base; path = Base.lproj/LaunchScreen.xib; sourceTree = "<group>"; };
		9D85FEF91AE137FB006AFF49 /* TitleAnimationTests.xctest */ = {isa = PBXFileReference; explicitFileType = wrapper.cfbundle; includeInIndex = 0; path = TitleAnimationTests.xctest; sourceTree = BUILT_PRODUCTS_DIR; };
		9D85FEFE1AE137FB006AFF49 /* Info.plist */ = {isa = PBXFileReference; lastKnownFileType = text.plist.xml; path = Info.plist; sourceTree = "<group>"; };
		9D85FEFF1AE137FB006AFF49 /* TitleAnimationTests.swift */ = {isa = PBXFileReference; lastKnownFileType = sourcecode.swift; path = TitleAnimationTests.swift; sourceTree = "<group>"; };
		9D85FF091AE138E0006AFF49 /* ImageCell.swift */ = {isa = PBXFileReference; fileEncoding = 4; lastKnownFileType = sourcecode.swift; path = ImageCell.swift; sourceTree = "<group>"; };
		9D85FF0A1AE138E0006AFF49 /* ImageCell.xib */ = {isa = PBXFileReference; fileEncoding = 4; lastKnownFileType = file.xib; path = ImageCell.xib; sourceTree = "<group>"; };
/* End PBXFileReference section */

/* Begin PBXFrameworksBuildPhase section */
		9D85FEE11AE137FB006AFF49 /* Frameworks */ = {
			isa = PBXFrameworksBuildPhase;
			buildActionMask = 2147483647;
			files = (
			);
			runOnlyForDeploymentPostprocessing = 0;
		};
		9D85FEF61AE137FB006AFF49 /* Frameworks */ = {
			isa = PBXFrameworksBuildPhase;
			buildActionMask = 2147483647;
			files = (
			);
			runOnlyForDeploymentPostprocessing = 0;
		};
/* End PBXFrameworksBuildPhase section */

/* Begin PBXGroup section */
		9D85FEDB1AE137FB006AFF49 = {
			isa = PBXGroup;
			children = (
				9D85FEE61AE137FB006AFF49 /* TitleAnimation */,
				9D85FEFC1AE137FB006AFF49 /* TitleAnimationTests */,
				9D85FEE51AE137FB006AFF49 /* Products */,
			);
			sourceTree = "<group>";
		};
		9D85FEE51AE137FB006AFF49 /* Products */ = {
			isa = PBXGroup;
			children = (
				9D85FEE41AE137FB006AFF49 /* TitleAnimation.app */,
				9D85FEF91AE137FB006AFF49 /* TitleAnimationTests.xctest */,
			);
			name = Products;
			sourceTree = "<group>";
		};
		9D85FEE61AE137FB006AFF49 /* TitleAnimation */ = {
			isa = PBXGroup;
			children = (
				9D85FEE91AE137FB006AFF49 /* AppDelegate.swift */,
				9D85FEEB1AE137FB006AFF49 /* ViewController.swift */,
				9D85FF091AE138E0006AFF49 /* ImageCell.swift */,
				9D85FF0A1AE138E0006AFF49 /* ImageCell.xib */,
				9D85FEED1AE137FB006AFF49 /* Main.storyboard */,
				9D85FEF01AE137FB006AFF49 /* Images.xcassets */,
				9D85FEF21AE137FB006AFF49 /* LaunchScreen.xib */,
				9D85FEE71AE137FB006AFF49 /* Supporting Files */,
			);
			path = TitleAnimation;
			sourceTree = "<group>";
		};
		9D85FEE71AE137FB006AFF49 /* Supporting Files */ = {
			isa = PBXGroup;
			children = (
				9D85FEE81AE137FB006AFF49 /* Info.plist */,
			);
			name = "Supporting Files";
			sourceTree = "<group>";
		};
		9D85FEFC1AE137FB006AFF49 /* TitleAnimationTests */ = {
			isa = PBXGroup;
			children = (
				9D85FEFF1AE137FB006AFF49 /* TitleAnimationTests.swift */,
				9D85FEFD1AE137FB006AFF49 /* Supporting Files */,
			);
			path = TitleAnimationTests;
			sourceTree = "<group>";
		};
		9D85FEFD1AE137FB006AFF49 /* Supporting Files */ = {
			isa = PBXGroup;
			children = (
				9D85FEFE1AE137FB006AFF49 /* Info.plist */,
			);
			name = "Supporting Files";
			sourceTree = "<group>";
		};
/* End PBXGroup section */

/* Begin PBXNativeTarget section */
		9D85FEE31AE137FB006AFF49 /* TitleAnimation */ = {
			isa = PBXNativeTarget;
			buildConfigurationList = 9D85FF031AE137FB006AFF49 /* Build configuration list for PBXNativeTarget "TitleAnimation" */;
			buildPhases = (
				9D85FEE01AE137FB006AFF49 /* Sources */,
				9D85FEE11AE137FB006AFF49 /* Frameworks */,
				9D85FEE21AE137FB006AFF49 /* Resources */,
			);
			buildRules = (
			);
			dependencies = (
			);
			name = TitleAnimation;
			productName = TitleAnimation;
			productReference = 9D85FEE41AE137FB006AFF49 /* TitleAnimation.app */;
			productType = "com.apple.product-type.application";
		};
		9D85FEF81AE137FB006AFF49 /* TitleAnimationTests */ = {
			isa = PBXNativeTarget;
			buildConfigurationList = 9D85FF061AE137FB006AFF49 /* Build configuration list for PBXNativeTarget "TitleAnimationTests" */;
			buildPhases = (
				9D85FEF51AE137FB006AFF49 /* Sources */,
				9D85FEF61AE137FB006AFF49 /* Frameworks */,
				9D85FEF71AE137FB006AFF49 /* Resources */,
			);
			buildRules = (
			);
			dependencies = (
				9D85FEFB1AE137FB006AFF49 /* PBXTargetDependency */,
			);
			name = TitleAnimationTests;
			productName = TitleAnimationTests;
			productReference = 9D85FEF91AE137FB006AFF49 /* TitleAnimationTests.xctest */;
			productType = "com.apple.product-type.bundle.unit-test";
		};
/* End PBXNativeTarget section */

/* Begin PBXProject section */
		9D85FEDC1AE137FB006AFF49 /* Project object */ = {
			isa = PBXProject;
			attributes = {
				LastUpgradeCheck = 0630;
				ORGANIZATIONNAME = "양원석";
				TargetAttributes = {
					9D85FEE31AE137FB006AFF49 = {
						CreatedOnToolsVersion = 6.3;
					};
					9D85FEF81AE137FB006AFF49 = {
						CreatedOnToolsVersion = 6.3;
						TestTargetID = 9D85FEE31AE137FB006AFF49;
					};
				};
			};
			buildConfigurationList = 9D85FEDF1AE137FB006AFF49 /* Build configuration list for PBXProject "TitleAnimation" */;
			compatibilityVersion = "Xcode 3.2";
			developmentRegion = English;
			hasScannedForEncodings = 0;
			knownRegions = (
				en,
				Base,
			);
			mainGroup = 9D85FEDB1AE137FB006AFF49;
			productRefGroup = 9D85FEE51AE137FB006AFF49 /* Products */;
			projectDirPath = "";
			projectRoot = "";
			targets = (
				9D85FEE31AE137FB006AFF49 /* TitleAnimation */,
				9D85FEF81AE137FB006AFF49 /* TitleAnimationTests */,
			);
		};
/* End PBXProject section */

/* Begin PBXResourcesBuildPhase section */
		9D85FEE21AE137FB006AFF49 /* Resources */ = {
			isa = PBXResourcesBuildPhase;
			buildActionMask = 2147483647;
			files = (
				9D85FEEF1AE137FB006AFF49 /* Main.storyboard in Resources */,
				9D85FF0C1AE138E0006AFF49 /* ImageCell.xib in Resources */,
				9D85FEF41AE137FB006AFF49 /* LaunchScreen.xib in Resources */,
				9D85FEF11AE137FB006AFF49 /* Images.xcassets in Resources */,
			);
			runOnlyForDeploymentPostprocessing = 0;
		};
		9D85FEF71AE137FB006AFF49 /* Resources */ = {
			isa = PBXResourcesBuildPhase;
			buildActionMask = 2147483647;
			files = (
			);
			runOnlyForDeploymentPostprocessing = 0;
		};
/* End PBXResourcesBuildPhase section */

/* Begin PBXSourcesBuildPhase section */
		9D85FEE01AE137FB006AFF49 /* Sources */ = {
			isa = PBXSourcesBuildPhase;
			buildActionMask = 2147483647;
			files = (
				9D85FEEC1AE137FB006AFF49 /* ViewController.swift in Sources */,
				9D85FEEA1AE137FB006AFF49 /* AppDelegate.swift in Sources */,
				9D85FF0B1AE138E0006AFF49 /* ImageCell.swift in Sources */,
			);
			runOnlyForDeploymentPostprocessing = 0;
		};
		9D85FEF51AE137FB006AFF49 /* Sources */ = {
			isa = PBXSourcesBuildPhase;
			buildActionMask = 2147483647;
			files = (
				9D85FF001AE137FB006AFF49 /* TitleAnimationTests.swift in Sources */,
			);
			runOnlyForDeploymentPostprocessing = 0;
		};
/* End PBXSourcesBuildPhase section */

/* Begin PBXTargetDependency section */
		9D85FEFB1AE137FB006AFF49 /* PBXTargetDependency */ = {
			isa = PBXTargetDependency;
			target = 9D85FEE31AE137FB006AFF49 /* TitleAnimation */;
			targetProxy = 9D85FEFA1AE137FB006AFF49 /* PBXContainerItemProxy */;
		};
/* End PBXTargetDependency section */

/* Begin PBXVariantGroup section */
		9D85FEED1AE137FB006AFF49 /* Main.storyboard */ = {
			isa = PBXVariantGroup;
			children = (
				9D85FEEE1AE137FB006AFF49 /* Base */,
			);
			name = Main.storyboard;
			sourceTree = "<group>";
		};
		9D85FEF21AE137FB006AFF49 /* LaunchScreen.xib */ = {
			isa = PBXVariantGroup;
			children = (
				9D85FEF31AE137FB006AFF49 /* Base */,
			);
			name = LaunchScreen.xib;
			sourceTree = "<group>";
		};
/* End PBXVariantGroup section */

/* Begin XCBuildConfiguration section */
		9D85FF011AE137FB006AFF49 /* Debug */ = {
			isa = XCBuildConfiguration;
			buildSettings = {
				ALWAYS_SEARCH_USER_PATHS = NO;
				CLANG_CXX_LANGUAGE_STANDARD = "gnu++0x";
				CLANG_CXX_LIBRARY = "libc++";
				CLANG_ENABLE_MODULES = YES;
				CLANG_ENABLE_OBJC_ARC = YES;
				CLANG_WARN_BOOL_CONVERSION = YES;
				CLANG_WARN_CONSTANT_CONVERSION = YES;
				CLANG_WARN_DIRECT_OBJC_ISA_USAGE = YES_ERROR;
				CLANG_WARN_EMPTY_BODY = YES;
				CLANG_WARN_ENUM_CONVERSION = YES;
				CLANG_WARN_INT_CONVERSION = YES;
				CLANG_WARN_OBJC_ROOT_CLASS = YES_ERROR;
				CLANG_WARN_UNREACHABLE_CODE = YES;
				CLANG_WARN__DUPLICATE_METHOD_MATCH = YES;
				"CODE_SIGN_IDENTITY[sdk=iphoneos*]" = "iPhone Developer";
				COPY_PHASE_STRIP = NO;
				DEBUG_INFORMATION_FORMAT = "dwarf-with-dsym";
				ENABLE_STRICT_OBJC_MSGSEND = YES;
				GCC_C_LANGUAGE_STANDARD = gnu99;
				GCC_DYNAMIC_NO_PIC = NO;
				GCC_NO_COMMON_BLOCKS = YES;
				GCC_OPTIMIZATION_LEVEL = 0;
				GCC_PREPROCESSOR_DEFINITIONS = (
					"DEBUG=1",
					"$(inherited)",
				);
				GCC_SYMBOLS_PRIVATE_EXTERN = NO;
				GCC_WARN_64_TO_32_BIT_CONVERSION = YES;
				GCC_WARN_ABOUT_RETURN_TYPE = YES_ERROR;
				GCC_WARN_UNDECLARED_SELECTOR = YES;
				GCC_WARN_UNINITIALIZED_AUTOS = YES_AGGRESSIVE;
				GCC_WARN_UNUSED_FUNCTION = YES;
				GCC_WARN_UNUSED_VARIABLE = YES;
				IPHONEOS_DEPLOYMENT_TARGET = 8.3;
				MTL_ENABLE_DEBUG_INFO = YES;
				ONLY_ACTIVE_ARCH = YES;
				SDKROOT = iphoneos;
				SWIFT_OPTIMIZATION_LEVEL = "-Onone";
			};
			name = Debug;
		};
		9D85FF021AE137FB006AFF49 /* Release */ = {
			isa = XCBuildConfiguration;
			buildSettings = {
				ALWAYS_SEARCH_USER_PATHS = NO;
				CLANG_CXX_LANGUAGE_STANDARD = "gnu++0x";
				CLANG_CXX_LIBRARY = "libc++";
				CLANG_ENABLE_MODULES = YES;
				CLANG_ENABLE_OBJC_ARC = YES;
				CLANG_WARN_BOOL_CONVERSION = YES;
				CLANG_WARN_CONSTANT_CONVERSION = YES;
				CLANG_WARN_DIRECT_OBJC_ISA_USAGE = YES_ERROR;
				CLANG_WARN_EMPTY_BODY = YES;
				CLANG_WARN_ENUM_CONVERSION = YES;
				CLANG_WARN_INT_CONVERSION = YES;
				CLANG_WARN_OBJC_ROOT_CLASS = YES_ERROR;
				CLANG_WARN_UNREACHABLE_CODE = YES;
				CLANG_WARN__DUPLICATE_METHOD_MATCH = YES;
				"CODE_SIGN_IDENTITY[sdk=iphoneos*]" = "iPhone Developer";
				COPY_PHASE_STRIP = NO;
				DEBUG_INFORMATION_FORMAT = "dwarf-with-dsym";
				ENABLE_NS_ASSERTIONS = NO;
				ENABLE_STRICT_OBJC_MSGSEND = YES;
				GCC_C_LANGUAGE_STANDARD = gnu99;
				GCC_NO_COMMON_BLOCKS = YES;
				GCC_WARN_64_TO_32_BIT_CONVERSION = YES;
				GCC_WARN_ABOUT_RETURN_TYPE = YES_ERROR;
				GCC_WARN_UNDECLARED_SELECTOR = YES;
				GCC_WARN_UNINITIALIZED_AUTOS = YES_AGGRESSIVE;
				GCC_WARN_UNUSED_FUNCTION = YES;
				GCC_WARN_UNUSED_VARIABLE = YES;
				IPHONEOS_DEPLOYMENT_TARGET = 8.3;
				MTL_ENABLE_DEBUG_INFO = NO;
				SDKROOT = iphoneos;
				VALIDATE_PRODUCT = YES;
			};
			name = Release;
		};
		9D85FF041AE137FB006AFF49 /* Debug */ = {
			isa = XCBuildConfiguration;
			buildSettings = {
				ASSETCATALOG_COMPILER_APPICON_NAME = AppIcon;
				INFOPLIST_FILE = TitleAnimation/Info.plist;
				LD_RUNPATH_SEARCH_PATHS = "$(inherited) @executable_path/Frameworks";
				PRODUCT_NAME = "$(TARGET_NAME)";
			};
			name = Debug;
		};
		9D85FF051AE137FB006AFF49 /* Release */ = {
			isa = XCBuildConfiguration;
			buildSettings = {
				ASSETCATALOG_COMPILER_APPICON_NAME = AppIcon;
				INFOPLIST_FILE = TitleAnimation/Info.plist;
				LD_RUNPATH_SEARCH_PATHS = "$(inherited) @executable_path/Frameworks";
				PRODUCT_NAME = "$(TARGET_NAME)";
			};
			name = Release;
		};
		9D85FF071AE137FB006AFF49 /* Debug */ = {
			isa = XCBuildConfiguration;
			buildSettings = {
				BUNDLE_LOADER = "$(TEST_HOST)";
				FRAMEWORK_SEARCH_PATHS = (
					"$(SDKROOT)/Developer/Library/Frameworks",
					"$(inherited)",
				);
				GCC_PREPROCESSOR_DEFINITIONS = (
					"DEBUG=1",
					"$(inherited)",
				);
				INFOPLIST_FILE = TitleAnimationTests/Info.plist;
				LD_RUNPATH_SEARCH_PATHS = "$(inherited) @executable_path/Frameworks @loader_path/Frameworks";
				PRODUCT_NAME = "$(TARGET_NAME)";
				TEST_HOST = "$(BUILT_PRODUCTS_DIR)/TitleAnimation.app/TitleAnimation";
			};
			name = Debug;
		};
		9D85FF081AE137FB006AFF49 /* Release */ = {
			isa = XCBuildConfiguration;
			buildSettings = {
				BUNDLE_LOADER = "$(TEST_HOST)";
				FRAMEWORK_SEARCH_PATHS = (
					"$(SDKROOT)/Developer/Library/Frameworks",
					"$(inherited)",
				);
				INFOPLIST_FILE = TitleAnimationTests/Info.plist;
				LD_RUNPATH_SEARCH_PATHS = "$(inherited) @executable_path/Frameworks @loader_path/Frameworks";
				PRODUCT_NAME = "$(TARGET_NAME)";
				TEST_HOST = "$(BUILT_PRODUCTS_DIR)/TitleAnimation.app/TitleAnimation";
			};
			name = Release;
		};
/* End XCBuildConfiguration section */

/* Begin XCConfigurationList section */
		9D85FEDF1AE137FB006AFF49 /* Build configuration list for PBXProject "TitleAnimation" */ = {
			isa = XCConfigurationList;
			buildConfigurations = (
				9D85FF011AE137FB006AFF49 /* Debug */,
				9D85FF021AE137FB006AFF49 /* Release */,
			);
			defaultConfigurationIsVisible = 0;
			defaultConfigurationName = Release;
		};
		9D85FF031AE137FB006AFF49 /* Build configuration list for PBXNativeTarget "TitleAnimation" */ = {
			isa = XCConfigurationList;
			buildConfigurations = (
				9D85FF041AE137FB006AFF49 /* Debug */,
				9D85FF051AE137FB006AFF49 /* Release */,
			);
			defaultConfigurationIsVisible = 0;
		};
		9D85FF061AE137FB006AFF49 /* Build configuration list for PBXNativeTarget "TitleAnimationTests" */ = {
			isa = XCConfigurationList;
			buildConfigurations = (
				9D85FF071AE137FB006AFF49 /* Debug */,
				9D85FF081AE137FB006AFF49 /* Release */,
			);
			defaultConfigurationIsVisible = 0;
		};
/* End XCConfigurationList section */
	};
	rootObject = 9D85FEDC1AE137FB006AFF49 /* Project object */;
}
